
Microsoft Visual Studio Solution File, Format Version 12.00
# Visual Studio Version 17
VisualStudioVersion = 17.4.33103.184
MinimumVisualStudioVersion = 10.0.40219.1
Project("{9A19103F-16F7-4668-BE54-9A1E7A4F7556}") = "RestApi", "RestApi\RestApi.csproj", "{73899E2E-1652-4273-86E0-50690F44D3AE}"
EndProject
Project("{FAE04EC0-301F-11D3-BF4B-00C04F79EFBC}") = "UnitTests", "UnitTests\UnitTests.csproj", "{3BF6FAC2-90D3-46DC-B828-226E7D821AEC}"
EndProject
Global
	GlobalSection(SolutionConfigurationPlatforms) = preSolution
		Debug|Any CPU = Debug|Any CPU
		Release|Any CPU = Release|Any CPU
	EndGlobalSection
	GlobalSection(ProjectConfigurationPlatforms) = postSolution
		{73899E2E-1652-4273-86E0-50690F44D3AE}.Debug|Any CPU.ActiveCfg = Debug|Any CPU
		{73899E2E-1652-4273-86E0-50690F44D3AE}.Debug|Any CPU.Build.0 = Debug|Any CPU
		{73899E2E-1652-4273-86E0-50690F44D3AE}.Release|Any CPU.ActiveCfg = Release|Any CPU
		{73899E2E-1652-4273-86E0-50690F44D3AE}.Release|Any CPU.Build.0 = Release|Any CPU
		{3BF6FAC2-90D3-46DC-B828-226E7D821AEC}.Debug|Any CPU.ActiveCfg = Debug|Any CPU
		{3BF6FAC2-90D3-46DC-B828-226E7D821AEC}.Debug|Any CPU.Build.0 = Debug|Any CPU
		{3BF6FAC2-90D3-46DC-B828-226E7D821AEC}.Release|Any CPU.ActiveCfg = Release|Any CPU
		{3BF6FAC2-90D3-46DC-B828-226E7D821AEC}.Release|Any CPU.Build.0 = Release|Any CPU
	EndGlobalSection
	GlobalSection(SolutionProperties) = preSolution
		HideSolutionNode = FALSE
	EndGlobalSection
	GlobalSection(ExtensibilityGlobals) = postSolution
		SolutionGuid = {A6FFB1F1-B6E9-4928-B720-2D8F847F6AE7}
	EndGlobalSection
EndGlobal
